// !$*UTF8*$!
{
	archiveVersion = 1;
	classes = {
	};
	objectVersion = 77;
	objects = {

/* Begin PBXContainerItemProxy section */
		FF0E41C22D70FE45006F52CE /* PBXContainerItemProxy */ = {
			isa = PBXContainerItemProxy;
			containerPortal = FF0E41A32D70FE43006F52CE /* Project object */;
			proxyType = 1;
			remoteGlobalIDString = FF0E41AA2D70FE43006F52CE;
			remoteInfo = FYLE;
		};
		FF0E41CC2D70FE45006F52CE /* PBXContainerItemProxy */ = {
			isa = PBXContainerItemProxy;
			containerPortal = FF0E41A32D70FE43006F52CE /* Project object */;
			proxyType = 1;
			remoteGlobalIDString = FF0E41AA2D70FE43006F52CE;
			remoteInfo = FYLE;
		};
/* End PBXContainerItemProxy section */

/* Begin PBXFileReference section */
		FF0E41AB2D70FE43006F52CE /* FYLE.app */ = {isa = PBXFileReference; explicitFileType = wrapper.application; includeInIndex = 0; path = FYLE.app; sourceTree = BUILT_PRODUCTS_DIR; };
		FF0E41C12D70FE45006F52CE /* FYLETests.xctest */ = {isa = PBXFileReference; explicitFileType = wrapper.cfbundle; includeInIndex = 0; path = FYLETests.xctest; sourceTree = BUILT_PRODUCTS_DIR; };
		FF0E41CB2D70FE45006F52CE /* FYLEUITests.xctest */ = {isa = PBXFileReference; explicitFileType = wrapper.cfbundle; includeInIndex = 0; path = FYLEUITests.xctest; sourceTree = BUILT_PRODUCTS_DIR; };
/* End PBXFileReference section */

/* Begin PBXFileSystemSynchronizedBuildFileExceptionSet section */
		FF0E41D32D70FE45006F52CE /* Exceptions for "FYLE" folder in "FYLE" target */ = {
			isa = PBXFileSystemSynchronizedBuildFileExceptionSet;
			membershipExceptions = (
				Info.plist,
			);
			target = FF0E41AA2D70FE43006F52CE /* FYLE */;
		};
/* End PBXFileSystemSynchronizedBuildFileExceptionSet section */

/* Begin PBXFileSystemSynchronizedRootGroup section */
		FF0E41AD2D70FE43006F52CE /* FYLE */ = {
			isa = PBXFileSystemSynchronizedRootGroup;
			exceptions = (
				FF0E41D32D70FE45006F52CE /* Exceptions for "FYLE" folder in "FYLE" target */,
			);
			path = FYLE;
			sourceTree = "<group>";
		};
		FF0E41C42D70FE45006F52CE /* FYLETests */ = {
			isa = PBXFileSystemSynchronizedRootGroup;
			path = FYLETests;
			sourceTree = "<group>";
		};
		FF0E41CE2D70FE45006F52CE /* FYLEUITests */ = {
			isa = PBXFileSystemSynchronizedRootGroup;
			path = FYLEUITests;
			sourceTree = "<group>";
		};
/* End PBXFileSystemSynchronizedRootGroup section */

/* Begin PBXFrameworksBuildPhase section */
		FF0E41A82D70FE43006F52CE /* Frameworks */ = {
			isa = PBXFrameworksBuildPhase;
			buildActionMask = 2147483647;
			files = (
			);
			runOnlyForDeploymentPostprocessing = 0;
		};
		FF0E41BE2D70FE45006F52CE /* Frameworks */ = {
			isa = PBXFrameworksBuildPhase;
			buildActionMask = 2147483647;
			files = (
			);
			runOnlyForDeploymentPostprocessing = 0;
		};
		FF0E41C82D70FE45006F52CE /* Frameworks */ = {
			isa = PBXFrameworksBuildPhase;
			buildActionMask = 2147483647;
			files = (
			);
			runOnlyForDeploymentPostprocessing = 0;
		};
/* End PBXFrameworksBuildPhase section */

/* Begin PBXGroup section */
		FF0E41A22D70FE43006F52CE = {
			isa = PBXGroup;
			children = (
				FF0E41AD2D70FE43006F52CE /* FYLE */,
				FF0E41C42D70FE45006F52CE /* FYLETests */,
				FF0E41CE2D70FE45006F52CE /* FYLEUITests */,
				FF0E41AC2D70FE43006F52CE /* Products */,
			);
			sourceTree = "<group>";
		};
		FF0E41AC2D70FE43006F52CE /* Products */ = {
			isa = PBXGroup;
			children = (
				FF0E41AB2D70FE43006F52CE /* FYLE.app */,
				FF0E41C12D70FE45006F52CE /* FYLETests.xctest */,
				FF0E41CB2D70FE45006F52CE /* FYLEUITests.xctest */,
			);
			name = Products;
			sourceTree = "<group>";
		};
/* End PBXGroup section */

/* Begin PBXNativeTarget section */
		FF0E41AA2D70FE43006F52CE /* FYLE */ = {
			isa = PBXNativeTarget;
			buildConfigurationList = FF0E41D42D70FE45006F52CE /* Build configuration list for PBXNativeTarget "FYLE" */;
			buildPhases = (
				FF0E41A72D70FE43006F52CE /* Sources */,
				FF0E41A82D70FE43006F52CE /* Frameworks */,
				FF0E41A92D70FE43006F52CE /* Resources */,
			);
			buildRules = (
			);
			dependencies = (
			);
			fileSystemSynchronizedGroups = (
				FF0E41AD2D70FE43006F52CE /* FYLE */,
			);
			name = FYLE;
			packageProductDependencies = (
			);
			productName = FYLE;
			productReference = FF0E41AB2D70FE43006F52CE /* FYLE.app */;
			productType = "com.apple.product-type.application";
		};
		FF0E41C02D70FE45006F52CE /* FYLETests */ = {
			isa = PBXNativeTarget;
			buildConfigurationList = FF0E41D92D70FE45006F52CE /* Build configuration list for PBXNativeTarget "FYLETests" */;
			buildPhases = (
				FF0E41BD2D70FE45006F52CE /* Sources */,
				FF0E41BE2D70FE45006F52CE /* Frameworks */,
				FF0E41BF2D70FE45006F52CE /* Resources */,
			);
			buildRules = (
			);
			dependencies = (
				FF0E41C32D70FE45006F52CE /* PBXTargetDependency */,
			);
			fileSystemSynchronizedGroups = (
				FF0E41C42D70FE45006F52CE /* FYLETests */,
			);
			name = FYLETests;
			packageProductDependencies = (
			);
			productName = FYLETests;
			productReference = FF0E41C12D70FE45006F52CE /* FYLETests.xctest */;
			productType = "com.apple.product-type.bundle.unit-test";
		};
		FF0E41CA2D70FE45006F52CE /* FYLEUITests */ = {
			isa = PBXNativeTarget;
			buildConfigurationList = FF0E41DC2D70FE45006F52CE /* Build configuration list for PBXNativeTarget "FYLEUITests" */;
			buildPhases = (
				FF0E41C72D70FE45006F52CE /* Sources */,
				FF0E41C82D70FE45006F52CE /* Frameworks */,
				FF0E41C92D70FE45006F52CE /* Resources */,
			);
			buildRules = (
			);
			dependencies = (
				FF0E41CD2D70FE45006F52CE /* PBXTargetDependency */,
			);
			fileSystemSynchronizedGroups = (
				FF0E41CE2D70FE45006F52CE /* FYLEUITests */,
			);
			name = FYLEUITests;
			packageProductDependencies = (
			);
			productName = FYLEUITests;
			productReference = FF0E41CB2D70FE45006F52CE /* FYLEUITests.xctest */;
			productType = "com.apple.product-type.bundle.ui-testing";
		};
/* End PBXNativeTarget section */

/* Begin PBXProject section */
		FF0E41A32D70FE43006F52CE /* Project object */ = {
			isa = PBXProject;
			attributes = {
				BuildIndependentTargetsInParallel = 1;
				LastSwiftUpdateCheck = 1620;
				LastUpgradeCheck = 1620;
				TargetAttributes = {
					FF0E41AA2D70FE43006F52CE = {
						CreatedOnToolsVersion = 16.2;
					};
					FF0E41C02D70FE45006F52CE = {
						CreatedOnToolsVersion = 16.2;
						TestTargetID = FF0E41AA2D70FE43006F52CE;
					};
					FF0E41CA2D70FE45006F52CE = {
						CreatedOnToolsVersion = 16.2;
						TestTargetID = FF0E41AA2D70FE43006F52CE;
					};
				};
			};
			buildConfigurationList = FF0E41A62D70FE43006F52CE /* Build configuration list for PBXProject "FYLE" */;
			developmentRegion = en;
			hasScannedForEncodings = 0;
			knownRegions = (
				en,
				Base,
			);
			mainGroup = FF0E41A22D70FE43006F52CE;
			minimizedProjectReferenceProxies = 1;
			preferredProjectObjectVersion = 77;
			productRefGroup = FF0E41AC2D70FE43006F52CE /* Products */;
			projectDirPath = "";
			projectRoot = "";
			targets = (
				FF0E41AA2D70FE43006F52CE /* FYLE */,
				FF0E41C02D70FE45006F52CE /* FYLETests */,
				FF0E41CA2D70FE45006F52CE /* FYLEUITests */,
			);
		};
/* End PBXProject section */

/* Begin PBXResourcesBuildPhase section */
		FF0E41A92D70FE43006F52CE /* Resources */ = {
			isa = PBXResourcesBuildPhase;
			buildActionMask = 2147483647;
			files = (
			);
			runOnlyForDeploymentPostprocessing = 0;
		};
		FF0E41BF2D70FE45006F52CE /* Resources */ = {
			isa = PBXResourcesBuildPhase;
			buildActionMask = 2147483647;
			files = (
			);
			runOnlyForDeploymentPostprocessing = 0;
		};
		FF0E41C92D70FE45006F52CE /* Resources */ = {
			isa = PBXResourcesBuildPhase;
			buildActionMask = 2147483647;
			files = (
			);
			runOnlyForDeploymentPostprocessing = 0;
		};
/* End PBXResourcesBuildPhase section */

/* Begin PBXSourcesBuildPhase section */
		FF0E41A72D70FE43006F52CE /* Sources */ = {
			isa = PBXSourcesBuildPhase;
			buildActionMask = 2147483647;
			files = (
			);
			runOnlyForDeploymentPostprocessing = 0;
		};
		FF0E41BD2D70FE45006F52CE /* Sources */ = {
			isa = PBXSourcesBuildPhase;
			buildActionMask = 2147483647;
			files = (
			);
			runOnlyForDeploymentPostprocessing = 0;
		};
		FF0E41C72D70FE45006F52CE /* Sources */ = {
			isa = PBXSourcesBuildPhase;
			buildActionMask = 2147483647;
			files = (
			);
			runOnlyForDeploymentPostprocessing = 0;
		};
/* End PBXSourcesBuildPhase section */

/* Begin PBXTargetDependency section */
		FF0E41C32D70FE45006F52CE /* PBXTargetDependency */ = {
			isa = PBXTargetDependency;
			target = FF0E41AA2D70FE43006F52CE /* FYLE */;
			targetProxy = FF0E41C22D70FE45006F52CE /* PBXContainerItemProxy */;
		};
		FF0E41CD2D70FE45006F52CE /* PBXTargetDependency */ = {
			isa = PBXTargetDependency;
			target = FF0E41AA2D70FE43006F52CE /* FYLE */;
			targetProxy = FF0E41CC2D70FE45006F52CE /* PBXContainerItemProxy */;
		};
/* End PBXTargetDependency section */

/* Begin XCBuildConfiguration section */
		FF0E41D52D70FE45006F52CE /* Debug */ = {
			isa = XCBuildConfiguration;
			buildSettings = {
				ASSETCATALOG_COMPILER_APPICON_NAME = AppIcon;
				ASSETCATALOG_COMPILER_GLOBAL_ACCENT_COLOR_NAME = AccentColor;
				CODE_SIGN_STYLE = Automatic;
				CURRENT_PROJECT_VERSION = 1;
				DEVELOPMENT_TEAM = "";
				GENERATE_INFOPLIST_FILE = YES;
				INFOPLIST_FILE = FYLE/Info.plist;
				INFOPLIST_KEY_CFBundleDisplayName = Fyle;
				INFOPLIST_KEY_NSBluetoothAlwaysUsageDescription = "This app uses Bluetooth to discover nearby devices and enable file sharing between them.";
				INFOPLIST_KEY_NSCameraUsageDescription = "This app needs access to your camera to scan documents.";
				INFOPLIST_KEY_NSLocalNetworkUsageDescription = "This app uses the local network to share files with nearby devices.";
				INFOPLIST_KEY_NSPhotoLibraryUsageDescription = "This app needs access to your photo library to upload images for your documents.";
				INFOPLIST_KEY_UIApplicationSupportsIndirectInputEvents = YES;
				INFOPLIST_KEY_UILaunchStoryboardName = LaunchScreen;
				INFOPLIST_KEY_UIMainStoryboardFile = Main;
				INFOPLIST_KEY_UIStatusBarHidden = YES;
				INFOPLIST_KEY_UIStatusBarStyle = "";
				INFOPLIST_KEY_UISupportedInterfaceOrientations = UIInterfaceOrientationPortrait;
				IPHONEOS_DEPLOYMENT_TARGET = 16.6;
				LD_RUNPATH_SEARCH_PATHS = (
					"$(inherited)",
					"@executable_path/Frameworks",
				);
				MARKETING_VERSION = 1.0;
				PRODUCT_BUNDLE_IDENTIFIER = "com.batch2-team9.fyle.device1";
				PRODUCT_NAME = "$(TARGET_NAME)";
				SUPPORTED_PLATFORMS = "iphoneos iphonesimulator";
				SUPPORTS_MACCATALYST = NO;
				SWIFT_EMIT_LOC_STRINGS = YES;
				SWIFT_VERSION = 5.0;
				TARGETED_DEVICE_FAMILY = 1;
			};
			name = Debug;
		};
		FF0E41D62D70FE45006F52CE /* Release */ = {
			isa = XCBuildConfiguration;
			buildSettings = {
				ASSETCATALOG_COMPILER_APPICON_NAME = AppIcon;
				ASSETCATALOG_COMPILER_GLOBAL_ACCENT_COLOR_NAME = AccentColor;
				CODE_SIGN_STYLE = Automatic;
				CURRENT_PROJECT_VERSION = 1;
				DEVELOPMENT_TEAM = "";
				GENERATE_INFOPLIST_FILE = YES;
				INFOPLIST_FILE = FYLE/Info.plist;
				INFOPLIST_KEY_CFBundleDisplayName = Fyle;
				INFOPLIST_KEY_NSBluetoothAlwaysUsageDescription = "This app uses Bluetooth to discover nearby devices and enable file sharing between them.";
				INFOPLIST_KEY_NSCameraUsageDescription = "This app needs access to your camera to scan documents.";
				INFOPLIST_KEY_NSLocalNetworkUsageDescription = "This app uses the local network to share files with nearby devices.";
				INFOPLIST_KEY_NSPhotoLibraryUsageDescription = "This app needs access to your photo library to upload images for your documents.";
				INFOPLIST_KEY_UIApplicationSupportsIndirectInputEvents = YES;
				INFOPLIST_KEY_UILaunchStoryboardName = LaunchScreen;
				INFOPLIST_KEY_UIMainStoryboardFile = Main;
				INFOPLIST_KEY_UIStatusBarHidden = YES;
				INFOPLIST_KEY_UIStatusBarStyle = "";
				INFOPLIST_KEY_UISupportedInterfaceOrientations = UIInterfaceOrientationPortrait;
				IPHONEOS_DEPLOYMENT_TARGET = 16.6;
				LD_RUNPATH_SEARCH_PATHS = (
					"$(inherited)",
					"@executable_path/Frameworks",
				);
				MARKETING_VERSION = 1.0;
				PRODUCT_BUNDLE_IDENTIFIER = "com.batch2-team9.fyle.device1";
				PRODUCT_NAME = "$(TARGET_NAME)";
				SUPPORTED_PLATFORMS = "iphoneos iphonesimulator";
				SUPPORTS_MACCATALYST = NO;
				SWIFT_EMIT_LOC_STRINGS = YES;
				SWIFT_VERSION = 5.0;
				TARGETED_DEVICE_FAMILY = 1;
			};
			name = Release;
		};
		FF0E41D72D70FE45006F52CE /* Debug */ = {
			isa = XCBuildConfiguration;
			buildSettings = {
				ALWAYS_SEARCH_USER_PATHS = NO;
				ASSETCATALOG_COMPILER_GENERATE_SWIFT_ASSET_SYMBOL_EXTENSIONS = YES;
				CLANG_ANALYZER_NONNULL = YES;
				CLANG_ANALYZER_NUMBER_OBJECT_CONVERSION = YES_AGGRESSIVE;
				CLANG_CXX_LANGUAGE_STANDARD = "gnu++20";
				CLANG_ENABLE_MODULES = YES;
				CLANG_ENABLE_OBJC_ARC = YES;
				CLANG_ENABLE_OBJC_WEAK = YES;
				CLANG_WARN_BLOCK_CAPTURE_AUTORELEASING = YES;
				CLANG_WARN_BOOL_CONVERSION = YES;
				CLANG_WARN_COMMA = YES;
				CLANG_WARN_CONSTANT_CONVERSION = YES;
				CLANG_WARN_DEPRECATED_OBJC_IMPLEMENTATIONS = YES;
				CLANG_WARN_DIRECT_OBJC_ISA_USAGE = YES_ERROR;
				CLANG_WARN_DOCUMENTATION_COMMENTS = YES;
				CLANG_WARN_EMPTY_BODY = YES;
				CLANG_WARN_ENUM_CONVERSION = YES;
				CLANG_WARN_INFINITE_RECURSION = YES;
				CLANG_WARN_INT_CONVERSION = YES;
				CLANG_WARN_NON_LITERAL_NULL_CONVERSION = YES;
				CLANG_WARN_OBJC_IMPLICIT_RETAIN_SELF = YES;
				CLANG_WARN_OBJC_LITERAL_CONVERSION = YES;
				CLANG_WARN_OBJC_ROOT_CLASS = YES_ERROR;
				CLANG_WARN_QUOTED_INCLUDE_IN_FRAMEWORK_HEADER = YES;
				CLANG_WARN_RANGE_LOOP_ANALYSIS = YES;
				CLANG_WARN_STRICT_PROTOTYPES = YES;
				CLANG_WARN_SUSPICIOUS_MOVE = YES;
				CLANG_WARN_UNGUARDED_AVAILABILITY = YES_AGGRESSIVE;
				CLANG_WARN_UNREACHABLE_CODE = YES;
				CLANG_WARN__DUPLICATE_METHOD_MATCH = YES;
				COPY_PHASE_STRIP = NO;
				DEBUG_INFORMATION_FORMAT = dwarf;
				ENABLE_STRICT_OBJC_MSGSEND = YES;
				ENABLE_TESTABILITY = YES;
				ENABLE_USER_SCRIPT_SANDBOXING = YES;
				GCC_C_LANGUAGE_STANDARD = gnu17;
				GCC_DYNAMIC_NO_PIC = NO;
				GCC_NO_COMMON_BLOCKS = YES;
				GCC_OPTIMIZATION_LEVEL = 0;
				GCC_PREPROCESSOR_DEFINITIONS = (
					"DEBUG=1",
					"$(inherited)",
				);
				GCC_WARN_64_TO_32_BIT_CONVERSION = YES;
				GCC_WARN_ABOUT_RETURN_TYPE = YES_ERROR;
				GCC_WARN_UNDECLARED_SELECTOR = YES;
				GCC_WARN_UNINITIALIZED_AUTOS = YES_AGGRESSIVE;
				GCC_WARN_UNUSED_FUNCTION = YES;
				GCC_WARN_UNUSED_VARIABLE = YES;
				IPHONEOS_DEPLOYMENT_TARGET = 18.2;
				LOCALIZATION_PREFERS_STRING_CATALOGS = YES;
				MTL_ENABLE_DEBUG_INFO = INCLUDE_SOURCE;
				MTL_FAST_MATH = YES;
				ONLY_ACTIVE_ARCH = YES;
				SDKROOT = iphoneos;
				SWIFT_ACTIVE_COMPILATION_CONDITIONS = "DEBUG $(inherited)";
				SWIFT_OPTIMIZATION_LEVEL = "-Onone";
			};
			name = Debug;
		};
		FF0E41D82D70FE45006F52CE /* Release */ = {
			isa = XCBuildConfiguration;
			buildSettings = {
				ALWAYS_SEARCH_USER_PATHS = NO;
				ASSETCATALOG_COMPILER_GENERATE_SWIFT_ASSET_SYMBOL_EXTENSIONS = YES;
				CLANG_ANALYZER_NONNULL = YES;
				CLANG_ANALYZER_NUMBER_OBJECT_CONVERSION = YES_AGGRESSIVE;
				CLANG_CXX_LANGUAGE_STANDARD = "gnu++20";
				CLANG_ENABLE_MODULES = YES;
				CLANG_ENABLE_OBJC_ARC = YES;
				CLANG_ENABLE_OBJC_WEAK = YES;
				CLANG_WARN_BLOCK_CAPTURE_AUTORELEASING = YES;
				CLANG_WARN_BOOL_CONVERSION = YES;
				CLANG_WARN_COMMA = YES;
				CLANG_WARN_CONSTANT_CONVERSION = YES;
				CLANG_WARN_DEPRECATED_OBJC_IMPLEMENTATIONS = YES;
				CLANG_WARN_DIRECT_OBJC_ISA_USAGE = YES_ERROR;
				CLANG_WARN_DOCUMENTATION_COMMENTS = YES;
				CLANG_WARN_EMPTY_BODY = YES;
				CLANG_WARN_ENUM_CONVERSION = YES;
				CLANG_WARN_INFINITE_RECURSION = YES;
				CLANG_WARN_INT_CONVERSION = YES;
				CLANG_WARN_NON_LITERAL_NULL_CONVERSION = YES;
				CLANG_WARN_OBJC_IMPLICIT_RETAIN_SELF = YES;
				CLANG_WARN_OBJC_LITERAL_CONVERSION = YES;
				CLANG_WARN_OBJC_ROOT_CLASS = YES_ERROR;
				CLANG_WARN_QUOTED_INCLUDE_IN_FRAMEWORK_HEADER = YES;
				CLANG_WARN_RANGE_LOOP_ANALYSIS = YES;
				CLANG_WARN_STRICT_PROTOTYPES = YES;
				CLANG_WARN_SUSPICIOUS_MOVE = YES;
				CLANG_WARN_UNGUARDED_AVAILABILITY = YES_AGGRESSIVE;
				CLANG_WARN_UNREACHABLE_CODE = YES;
				CLANG_WARN__DUPLICATE_METHOD_MATCH = YES;
				COPY_PHASE_STRIP = NO;
				DEBUG_INFORMATION_FORMAT = "dwarf-with-dsym";
				ENABLE_NS_ASSERTIONS = NO;
				ENABLE_STRICT_OBJC_MSGSEND = YES;
				ENABLE_USER_SCRIPT_SANDBOXING = YES;
				GCC_C_LANGUAGE_STANDARD = gnu17;
				GCC_NO_COMMON_BLOCKS = YES;
				GCC_WARN_64_TO_32_BIT_CONVERSION = YES;
				GCC_WARN_ABOUT_RETURN_TYPE = YES_ERROR;
				GCC_WARN_UNDECLARED_SELECTOR = YES;
				GCC_WARN_UNINITIALIZED_AUTOS = YES_AGGRESSIVE;
				GCC_WARN_UNUSED_FUNCTION = YES;
				GCC_WARN_UNUSED_VARIABLE = YES;
				IPHONEOS_DEPLOYMENT_TARGET = 18.2;
				LOCALIZATION_PREFERS_STRING_CATALOGS = YES;
				MTL_ENABLE_DEBUG_INFO = NO;
				MTL_FAST_MATH = YES;
				SDKROOT = iphoneos;
				SWIFT_COMPILATION_MODE = wholemodule;
				VALIDATE_PRODUCT = YES;
			};
			name = Release;
		};
		FF0E41DA2D70FE45006F52CE /* Debug */ = {
			isa = XCBuildConfiguration;
			buildSettings = {
				BUNDLE_LOADER = "$(TEST_HOST)";
				CODE_SIGN_STYLE = Automatic;
				CURRENT_PROJECT_VERSION = 1;
				DEVELOPMENT_TEAM = 6Y22PH5H76;
				GENERATE_INFOPLIST_FILE = YES;
				IPHONEOS_DEPLOYMENT_TARGET = 18.2;
				MARKETING_VERSION = 1.0;
				PRODUCT_BUNDLE_IDENTIFIER = "Batch02-Team09.FYLETests";
				PRODUCT_NAME = "$(TARGET_NAME)";
				SWIFT_EMIT_LOC_STRINGS = NO;
				SWIFT_VERSION = 5.0;
				TARGETED_DEVICE_FAMILY = "1,2";
				TEST_HOST = "$(BUILT_PRODUCTS_DIR)/FYLE.app/$(BUNDLE_EXECUTABLE_FOLDER_PATH)/FYLE";
			};
			name = Debug;
		};
		FF0E41DB2D70FE45006F52CE /* Release */ = {
			isa = XCBuildConfiguration;
			buildSettings = {
				BUNDLE_LOADER = "$(TEST_HOST)";
				CODE_SIGN_STYLE = Automatic;
				CURRENT_PROJECT_VERSION = 1;
				DEVELOPMENT_TEAM = 6Y22PH5H76;
				GENERATE_INFOPLIST_FILE = YES;
				IPHONEOS_DEPLOYMENT_TARGET = 18.2;
				MARKETING_VERSION = 1.0;
				PRODUCT_BUNDLE_IDENTIFIER = "Batch02-Team09.FYLETests";
				PRODUCT_NAME = "$(TARGET_NAME)";
				SWIFT_EMIT_LOC_STRINGS = NO;
				SWIFT_VERSION = 5.0;
				TARGETED_DEVICE_FAMILY = "1,2";
				TEST_HOST = "$(BUILT_PRODUCTS_DIR)/FYLE.app/$(BUNDLE_EXECUTABLE_FOLDER_PATH)/FYLE";
			};
			name = Release;
		};
		FF0E41DD2D70FE45006F52CE /* Debug */ = {
			isa = XCBuildConfiguration;
			buildSettings = {
				CODE_SIGN_STYLE = Automatic;
				CURRENT_PROJECT_VERSION = 1;
				DEVELOPMENT_TEAM = 6Y22PH5H76;
				GENERATE_INFOPLIST_FILE = YES;
				MARKETING_VERSION = 1.0;
				PRODUCT_BUNDLE_IDENTIFIER = "Batch02-Team09.FYLEUITests";
				PRODUCT_NAME = "$(TARGET_NAME)";
				SWIFT_EMIT_LOC_STRINGS = NO;
				SWIFT_VERSION = 5.0;
				TARGETED_DEVICE_FAMILY = "1,2";
				TEST_TARGET_NAME = FYLE;
			};
			name = Debug;
		};
		FF0E41DE2D70FE45006F52CE /* Release */ = {
			isa = XCBuildConfiguration;
			buildSettings = {
				CODE_SIGN_STYLE = Automatic;
				CURRENT_PROJECT_VERSION = 1;
				DEVELOPMENT_TEAM = 6Y22PH5H76;
				GENERATE_INFOPLIST_FILE = YES;
				MARKETING_VERSION = 1.0;
				PRODUCT_BUNDLE_IDENTIFIER = "Batch02-Team09.FYLEUITests";
				PRODUCT_NAME = "$(TARGET_NAME)";
				SWIFT_EMIT_LOC_STRINGS = NO;
				SWIFT_VERSION = 5.0;
				TARGETED_DEVICE_FAMILY = "1,2";
				TEST_TARGET_NAME = FYLE;
			};
			name = Release;
		};
/* End XCBuildConfiguration section */

/* Begin XCConfigurationList section */
		FF0E41A62D70FE43006F52CE /* Build configuration list for PBXProject "FYLE" */ = {
			isa = XCConfigurationList;
			buildConfigurations = (
				FF0E41D72D70FE45006F52CE /* Debug */,
				FF0E41D82D70FE45006F52CE /* Release */,
			);
			defaultConfigurationIsVisible = 0;
			defaultConfigurationName = Release;
		};
		FF0E41D42D70FE45006F52CE /* Build configuration list for PBXNativeTarget "FYLE" */ = {
			isa = XCConfigurationList;
			buildConfigurations = (
				FF0E41D52D70FE45006F52CE /* Debug */,
				FF0E41D62D70FE45006F52CE /* Release */,
			);
			defaultConfigurationIsVisible = 0;
			defaultConfigurationName = Release;
		};
		FF0E41D92D70FE45006F52CE /* Build configuration list for PBXNativeTarget "FYLETests" */ = {
			isa = XCConfigurationList;
			buildConfigurations = (
				FF0E41DA2D70FE45006F52CE /* Debug */,
				FF0E41DB2D70FE45006F52CE /* Release */,
			);
			defaultConfigurationIsVisible = 0;
			defaultConfigurationName = Release;
		};
		FF0E41DC2D70FE45006F52CE /* Build configuration list for PBXNativeTarget "FYLEUITests" */ = {
			isa = XCConfigurationList;
			buildConfigurations = (
				FF0E41DD2D70FE45006F52CE /* Debug */,
				FF0E41DE2D70FE45006F52CE /* Release */,
			);
			defaultConfigurationIsVisible = 0;
			defaultConfigurationName = Release;
		};
/* End XCConfigurationList section */
	};
	rootObject = FF0E41A32D70FE43006F52CE /* Project object */;
}
